Microsoft Visual Studio Solution File, Format Version 11.00
# Visual Studio 2008

Project("{6B078999-B059-9C86-8836-BF6F5FE08F80}") = "THISISITBOYS", "Assembly-CSharp.csproj", "{D2216553-559D-F8E0-D89F-640BB641D852}"
EndProject
Project("{6B078999-B059-9C86-8836-BF6F5FE08F80}") = "THISISITBOYS", "Assembly-CSharp-Editor.csproj", "{A81FFA2E-EACA-EC75-B64C-E01D8FE0269B}"
EndProject
Global
	GlobalSection(SolutionConfigurationPlatforms) = preSolution
		Debug|Any CPU = Debug|Any CPU
		Release|Any CPU = Release|Any CPU
	EndGlobalSection
	GlobalSection(ProjectConfigurationPlatforms) = postSolution
		{D2216553-559D-F8E0-D89F-640BB641D852}.Debug|Any CPU.ActiveCfg = Debug|Any CPU
		{D2216553-559D-F8E0-D89F-640BB641D852}.Debug|Any CPU.Build.0 = Debug|Any CPU
		{D2216553-559D-F8E0-D89F-640BB641D852}.Release|Any CPU.ActiveCfg = Release|Any CPU
		{D2216553-559D-F8E0-D89F-640BB641D852}.Release|Any CPU.Build.0 = Release|Any CPU
		{A81FFA2E-EACA-EC75-B64C-E01D8FE0269B}.Debug|Any CPU.ActiveCfg = Debug|Any CPU
		{A81FFA2E-EACA-EC75-B64C-E01D8FE0269B}.Debug|Any CPU.Build.0 = Debug|Any CPU
		{A81FFA2E-EACA-EC75-B64C-E01D8FE0269B}.Release|Any CPU.ActiveCfg = Release|Any CPU
		{A81FFA2E-EACA-EC75-B64C-E01D8FE0269B}.Release|Any CPU.Build.0 = Release|Any CPU
	EndGlobalSection
	GlobalSection(SolutionProperties) = preSolution
		HideSolutionNode = FALSE
	EndGlobalSection
	GlobalSection(MonoDevelopProperties) = preSolution
		StartupItem = Assembly-CSharp.csproj
	EndGlobalSection
EndGlobal
